// !$*UTF8*$!
{
	archiveVersion = 1;
	classes = {
	};
	objectVersion = 50;
	objects = {

/* Begin PBXBuildFile section */
		CD3D6B2F227B397F0025DBCC /* AppDelegate.m in Sources */ = {isa = PBXBuildFile; fileRef = CD3D6B2E227B397F0025DBCC /* AppDelegate.m */; };
		CD3D6B32227B397F0025DBCC /* ViewController.m in Sources */ = {isa = PBXBuildFile; fileRef = CD3D6B31227B397F0025DBCC /* ViewController.m */; };
		CD3D6B35227B397F0025DBCC /* Main.storyboard in Resources */ = {isa = PBXBuildFile; fileRef = CD3D6B33227B397F0025DBCC /* Main.storyboard */; };
		CD3D6B37227B39800025DBCC /* Assets.xcassets in Resources */ = {isa = PBXBuildFile; fileRef = CD3D6B36227B39800025DBCC /* Assets.xcassets */; };
		CD3D6B3A227B39800025DBCC /* LaunchScreen.storyboard in Resources */ = {isa = PBXBuildFile; fileRef = CD3D6B38227B39800025DBCC /* LaunchScreen.storyboard */; };
		CD3D6B3D227B39800025DBCC /* main.m in Sources */ = {isa = PBXBuildFile; fileRef = CD3D6B3C227B39800025DBCC /* main.m */; };
		CD3D6B47227B39800025DBCC /* BMD_CategoryTests.m in Sources */ = {isa = PBXBuildFile; fileRef = CD3D6B46227B39800025DBCC /* BMD_CategoryTests.m */; };
		CD3D6B52227B39800025DBCC /* BMD_CategoryUITests.m in Sources */ = {isa = PBXBuildFile; fileRef = CD3D6B51227B39800025DBCC /* BMD_CategoryUITests.m */; };
/* End PBXBuildFile section */

/* Begin PBXContainerItemProxy section */
		CD3D6B43227B39800025DBCC /* PBXContainerItemProxy */ = {
			isa = PBXContainerItemProxy;
			containerPortal = CD3D6B22227B397F0025DBCC /* Project object */;
			proxyType = 1;
			remoteGlobalIDString = CD3D6B29227B397F0025DBCC;
			remoteInfo = BMD_Category;
		};
		CD3D6B4E227B39800025DBCC /* PBXContainerItemProxy */ = {
			isa = PBXContainerItemProxy;
			containerPortal = CD3D6B22227B397F0025DBCC /* Project object */;
			proxyType = 1;
			remoteGlobalIDString = CD3D6B29227B397F0025DBCC;
			remoteInfo = BMD_Category;
		};
/* End PBXContainerItemProxy section */

/* Begin PBXFileReference section */
		CD3D6B2A227B397F0025DBCC /* BMD_Category.app */ = {isa = PBXFileReference; explicitFileType = wrapper.application; includeInIndex = 0; path = BMD_Category.app; sourceTree = BUILT_PRODUCTS_DIR; };
		CD3D6B2D227B397F0025DBCC /* AppDelegate.h */ = {isa = PBXFileReference; lastKnownFileType = sourcecode.c.h; path = AppDelegate.h; sourceTree = "<group>"; };
		CD3D6B2E227B397F0025DBCC /* AppDelegate.m */ = {isa = PBXFileReference; lastKnownFileType = sourcecode.c.objc; path = AppDelegate.m; sourceTree = "<group>"; };
		CD3D6B30227B397F0025DBCC /* ViewController.h */ = {isa = PBXFileReference; lastKnownFileType = sourcecode.c.h; path = ViewController.h; sourceTree = "<group>"; };
		CD3D6B31227B397F0025DBCC /* ViewController.m */ = {isa = PBXFileReference; lastKnownFileType = sourcecode.c.objc; path = ViewController.m; sourceTree = "<group>"; };
		CD3D6B34227B397F0025DBCC /* Base */ = {isa = PBXFileReference; lastKnownFileType = file.storyboard; name = Base; path = Base.lproj/Main.storyboard; sourceTree = "<group>"; };
		CD3D6B36227B39800025DBCC /* Assets.xcassets */ = {isa = PBXFileReference; lastKnownFileType = folder.assetcatalog; path = Assets.xcassets; sourceTree = "<group>"; };
		CD3D6B39227B39800025DBCC /* Base */ = {isa = PBXFileReference; lastKnownFileType = file.storyboard; name = Base; path = Base.lproj/LaunchScreen.storyboard; sourceTree = "<group>"; };
		CD3D6B3B227B39800025DBCC /* Info.plist */ = {isa = PBXFileReference; lastKnownFileType = text.plist.xml; path = Info.plist; sourceTree = "<group>"; };
		CD3D6B3C227B39800025DBCC /* main.m */ = {isa = PBXFileReference; lastKnownFileType = sourcecode.c.objc; path = main.m; sourceTree = "<group>"; };
		CD3D6B42227B39800025DBCC /* BMD_CategoryTests.xctest */ = {isa = PBXFileReference; explicitFileType = wrapper.cfbundle; includeInIndex = 0; path = BMD_CategoryTests.xctest; sourceTree = BUILT_PRODUCTS_DIR; };
		CD3D6B46227B39800025DBCC /* BMD_CategoryTests.m */ = {isa = PBXFileReference; lastKnownFileType = sourcecode.c.objc; path = BMD_CategoryTests.m; sourceTree = "<group>"; };
		CD3D6B48227B39800025DBCC /* Info.plist */ = {isa = PBXFileReference; lastKnownFileType = text.plist.xml; path = Info.plist; sourceTree = "<group>"; };
		CD3D6B4D227B39800025DBCC /* BMD_CategoryUITests.xctest */ = {isa = PBXFileReference; explicitFileType = wrapper.cfbundle; includeInIndex = 0; path = BMD_CategoryUITests.xctest; sourceTree = BUILT_PRODUCTS_DIR; };
		CD3D6B51227B39800025DBCC /* BMD_CategoryUITests.m */ = {isa = PBXFileReference; lastKnownFileType = sourcecode.c.objc; path = BMD_CategoryUITests.m; sourceTree = "<group>"; };
		CD3D6B53227B39800025DBCC /* Info.plist */ = {isa = PBXFileReference; lastKnownFileType = text.plist.xml; path = Info.plist; sourceTree = "<group>"; };
/* End PBXFileReference section */

/* Begin PBXFrameworksBuildPhase section */
		CD3D6B27227B397F0025DBCC /* Frameworks */ = {
			isa = PBXFrameworksBuildPhase;
			buildActionMask = 2147483647;
			files = (
			);
			runOnlyForDeploymentPostprocessing = 0;
		};
		CD3D6B3F227B39800025DBCC /* Frameworks */ = {
			isa = PBXFrameworksBuildPhase;
			buildActionMask = 2147483647;
			files = (
			);
			runOnlyForDeploymentPostprocessing = 0;
		};
		CD3D6B4A227B39800025DBCC /* Frameworks */ = {
			isa = PBXFrameworksBuildPhase;
			buildActionMask = 2147483647;
			files = (
			);
			runOnlyForDeploymentPostprocessing = 0;
		};
/* End PBXFrameworksBuildPhase section */

/* Begin PBXGroup section */
		CD3D6B21227B397F0025DBCC = {
			isa = PBXGroup;
			children = (
				CD3D6B2C227B397F0025DBCC /* BMD_Category */,
				CD3D6B45227B39800025DBCC /* BMD_CategoryTests */,
				CD3D6B50227B39800025DBCC /* BMD_CategoryUITests */,
				CD3D6B2B227B397F0025DBCC /* Products */,
			);
			sourceTree = "<group>";
		};
		CD3D6B2B227B397F0025DBCC /* Products */ = {
			isa = PBXGroup;
			children = (
				CD3D6B2A227B397F0025DBCC /* BMD_Category.app */,
				CD3D6B42227B39800025DBCC /* BMD_CategoryTests.xctest */,
				CD3D6B4D227B39800025DBCC /* BMD_CategoryUITests.xctest */,
			);
			name = Products;
			sourceTree = "<group>";
		};
		CD3D6B2C227B397F0025DBCC /* BMD_Category */ = {
			isa = PBXGroup;
			children = (
				CD3D6B2D227B397F0025DBCC /* AppDelegate.h */,
				CD3D6B2E227B397F0025DBCC /* AppDelegate.m */,
				CD3D6B30227B397F0025DBCC /* ViewController.h */,
				CD3D6B31227B397F0025DBCC /* ViewController.m */,
				CD3D6B33227B397F0025DBCC /* Main.storyboard */,
				CD3D6B36227B39800025DBCC /* Assets.xcassets */,
				CD3D6B38227B39800025DBCC /* LaunchScreen.storyboard */,
				CD3D6B3B227B39800025DBCC /* Info.plist */,
				CD3D6B3C227B39800025DBCC /* main.m */,
			);
			path = BMD_Category;
			sourceTree = "<group>";
		};
		CD3D6B45227B39800025DBCC /* BMD_CategoryTests */ = {
			isa = PBXGroup;
			children = (
				CD3D6B46227B39800025DBCC /* BMD_CategoryTests.m */,
				CD3D6B48227B39800025DBCC /* Info.plist */,
			);
			path = BMD_CategoryTests;
			sourceTree = "<group>";
		};
		CD3D6B50227B39800025DBCC /* BMD_CategoryUITests */ = {
			isa = PBXGroup;
			children = (
				CD3D6B51227B39800025DBCC /* BMD_CategoryUITests.m */,
				CD3D6B53227B39800025DBCC /* Info.plist */,
			);
			path = BMD_CategoryUITests;
			sourceTree = "<group>";
		};
/* End PBXGroup section */

/* Begin PBXNativeTarget section */
		CD3D6B29227B397F0025DBCC /* BMD_Category */ = {
			isa = PBXNativeTarget;
			buildConfigurationList = CD3D6B56227B39800025DBCC /* Build configuration list for PBXNativeTarget "BMD_Category" */;
			buildPhases = (
				CD3D6B26227B397F0025DBCC /* Sources */,
				CD3D6B27227B397F0025DBCC /* Frameworks */,
				CD3D6B28227B397F0025DBCC /* Resources */,
			);
			buildRules = (
			);
			dependencies = (
			);
			name = BMD_Category;
			productName = BMD_Category;
			productReference = CD3D6B2A227B397F0025DBCC /* BMD_Category.app */;
			productType = "com.apple.product-type.application";
		};
		CD3D6B41227B39800025DBCC /* BMD_CategoryTests */ = {
			isa = PBXNativeTarget;
			buildConfigurationList = CD3D6B59227B39800025DBCC /* Build configuration list for PBXNativeTarget "BMD_CategoryTests" */;
			buildPhases = (
				CD3D6B3E227B39800025DBCC /* Sources */,
				CD3D6B3F227B39800025DBCC /* Frameworks */,
				CD3D6B40227B39800025DBCC /* Resources */,
			);
			buildRules = (
			);
			dependencies = (
				CD3D6B44227B39800025DBCC /* PBXTargetDependency */,
			);
			name = BMD_CategoryTests;
			productName = BMD_CategoryTests;
			productReference = CD3D6B42227B39800025DBCC /* BMD_CategoryTests.xctest */;
			productType = "com.apple.product-type.bundle.unit-test";
		};
		CD3D6B4C227B39800025DBCC /* BMD_CategoryUITests */ = {
			isa = PBXNativeTarget;
			buildConfigurationList = CD3D6B5C227B39800025DBCC /* Build configuration list for PBXNativeTarget "BMD_CategoryUITests" */;
			buildPhases = (
				CD3D6B49227B39800025DBCC /* Sources */,
				CD3D6B4A227B39800025DBCC /* Frameworks */,
				CD3D6B4B227B39800025DBCC /* Resources */,
			);
			buildRules = (
			);
			dependencies = (
				CD3D6B4F227B39800025DBCC /* PBXTargetDependency */,
			);
			name = BMD_CategoryUITests;
			productName = BMD_CategoryUITests;
			productReference = CD3D6B4D227B39800025DBCC /* BMD_CategoryUITests.xctest */;
			productType = "com.apple.product-type.bundle.ui-testing";
		};
/* End PBXNativeTarget section */

/* Begin PBXProject section */
		CD3D6B22227B397F0025DBCC /* Project object */ = {
			isa = PBXProject;
			attributes = {
				LastUpgradeCheck = 1020;
				ORGANIZATIONNAME = jer;
				TargetAttributes = {
					CD3D6B29227B397F0025DBCC = {
						CreatedOnToolsVersion = 10.2;
					};
					CD3D6B41227B39800025DBCC = {
						CreatedOnToolsVersion = 10.2;
						TestTargetID = CD3D6B29227B397F0025DBCC;
					};
					CD3D6B4C227B39800025DBCC = {
						CreatedOnToolsVersion = 10.2;
						TestTargetID = CD3D6B29227B397F0025DBCC;
					};
				};
			};
			buildConfigurationList = CD3D6B25227B397F0025DBCC /* Build configuration list for PBXProject "BMD_Category" */;
			compatibilityVersion = "Xcode 9.3";
			developmentRegion = en;
			hasScannedForEncodings = 0;
			knownRegions = (
				en,
				Base,
			);
			mainGroup = CD3D6B21227B397F0025DBCC;
			productRefGroup = CD3D6B2B227B397F0025DBCC /* Products */;
			projectDirPath = "";
			projectRoot = "";
			targets = (
				CD3D6B29227B397F0025DBCC /* BMD_Category */,
				CD3D6B41227B39800025DBCC /* BMD_CategoryTests */,
				CD3D6B4C227B39800025DBCC /* BMD_CategoryUITests */,
			);
		};
/* End PBXProject section */

/* Begin PBXResourcesBuildPhase section */
		CD3D6B28227B397F0025DBCC /* Resources */ = {
			isa = PBXResourcesBuildPhase;
			buildActionMask = 2147483647;
			files = (
				CD3D6B3A227B39800025DBCC /* LaunchScreen.storyboard in Resources */,
				CD3D6B37227B39800025DBCC /* Assets.xcassets in Resources */,
				CD3D6B35227B397F0025DBCC /* Main.storyboard in Resources */,
			);
			runOnlyForDeploymentPostprocessing = 0;
		};
		CD3D6B40227B39800025DBCC /* Resources */ = {
			isa = PBXResourcesBuildPhase;
			buildActionMask = 2147483647;
			files = (
			);
			runOnlyForDeploymentPostprocessing = 0;
		};
		CD3D6B4B227B39800025DBCC /* Resources */ = {
			isa = PBXResourcesBuildPhase;
			buildActionMask = 2147483647;
			files = (
			);
			runOnlyForDeploymentPostprocessing = 0;
		};
/* End PBXResourcesBuildPhase section */

/* Begin PBXSourcesBuildPhase section */
		CD3D6B26227B397F0025DBCC /* Sources */ = {
			isa = PBXSourcesBuildPhase;
			buildActionMask = 2147483647;
			files = (
				CD3D6B32227B397F0025DBCC /* ViewController.m in Sources */,
				CD3D6B3D227B39800025DBCC /* main.m in Sources */,
				CD3D6B2F227B397F0025DBCC /* AppDelegate.m in Sources */,
			);
			runOnlyForDeploymentPostprocessing = 0;
		};
		CD3D6B3E227B39800025DBCC /* Sources */ = {
			isa = PBXSourcesBuildPhase;
			buildActionMask = 2147483647;
			files = (
				CD3D6B47227B39800025DBCC /* BMD_CategoryTests.m in Sources */,
			);
			runOnlyForDeploymentPostprocessing = 0;
		};
		CD3D6B49227B39800025DBCC /* Sources */ = {
			isa = PBXSourcesBuildPhase;
			buildActionMask = 2147483647;
			files = (
				CD3D6B52227B39800025DBCC /* BMD_CategoryUITests.m in Sources */,
			);
			runOnlyForDeploymentPostprocessing = 0;
		};
/* End PBXSourcesBuildPhase section */

/* Begin PBXTargetDependency section */
		CD3D6B44227B39800025DBCC /* PBXTargetDependency */ = {
			isa = PBXTargetDependency;
			target = CD3D6B29227B397F0025DBCC /* BMD_Category */;
			targetProxy = CD3D6B43227B39800025DBCC /* PBXContainerItemProxy */;
		};
		CD3D6B4F227B39800025DBCC /* PBXTargetDependency */ = {
			isa = PBXTargetDependency;
			target = CD3D6B29227B397F0025DBCC /* BMD_Category */;
			targetProxy = CD3D6B4E227B39800025DBCC /* PBXContainerItemProxy */;
		};
/* End PBXTargetDependency section */

/* Begin PBXVariantGroup section */
		CD3D6B33227B397F0025DBCC /* Main.storyboard */ = {
			isa = PBXVariantGroup;
			children = (
				CD3D6B34227B397F0025DBCC /* Base */,
			);
			name = Main.storyboard;
			sourceTree = "<group>";
		};
		CD3D6B38227B39800025DBCC /* LaunchScreen.storyboard */ = {
			isa = PBXVariantGroup;
			children = (
				CD3D6B39227B39800025DBCC /* Base */,
			);
			name = LaunchScreen.storyboard;
			sourceTree = "<group>";
		};
/* End PBXVariantGroup section */

/* Begin XCBuildConfiguration section */
		CD3D6B54227B39800025DBCC /* Debug */ = {
			isa = XCBuildConfiguration;
			buildSettings = {
				ALWAYS_SEARCH_USER_PATHS = NO;
				CLANG_ANALYZER_NONNULL = YES;
				CLANG_ANALYZER_NUMBER_OBJECT_CONVERSION = YES_AGGRESSIVE;
				CLANG_CXX_LANGUAGE_STANDARD = "gnu++14";
				CLANG_CXX_LIBRARY = "libc++";
				CLANG_ENABLE_MODULES = YES;
				CLANG_ENABLE_OBJC_ARC = YES;
				CLANG_ENABLE_OBJC_WEAK = YES;
				CLANG_WARN_BLOCK_CAPTURE_AUTORELEASING = YES;
				CLANG_WARN_BOOL_CONVERSION = YES;
				CLANG_WARN_COMMA = YES;
				CLANG_WARN_CONSTANT_CONVERSION = YES;
				CLANG_WARN_DEPRECATED_OBJC_IMPLEMENTATIONS = YES;
				CLANG_WARN_DIRECT_OBJC_ISA_USAGE = YES_ERROR;
				CLANG_WARN_DOCUMENTATION_COMMENTS = YES;
				CLANG_WARN_EMPTY_BODY = YES;
				CLANG_WARN_ENUM_CONVERSION = YES;
				CLANG_WARN_INFINITE_RECURSION = YES;
				CLANG_WARN_INT_CONVERSION = YES;
				CLANG_WARN_NON_LITERAL_NULL_CONVERSION = YES;
				CLANG_WARN_OBJC_IMPLICIT_RETAIN_SELF = YES;
				CLANG_WARN_OBJC_LITERAL_CONVERSION = YES;
				CLANG_WARN_OBJC_ROOT_CLASS = YES_ERROR;
				CLANG_WARN_RANGE_LOOP_ANALYSIS = YES;
				CLANG_WARN_STRICT_PROTOTYPES = YES;
				CLANG_WARN_SUSPICIOUS_MOVE = YES;
				CLANG_WARN_UNGUARDED_AVAILABILITY = YES_AGGRESSIVE;
				CLANG_WARN_UNREACHABLE_CODE = YES;
				CLANG_WARN__DUPLICATE_METHOD_MATCH = YES;
				CODE_SIGN_IDENTITY = "iPhone Developer";
				COPY_PHASE_STRIP = NO;
				DEBUG_INFORMATION_FORMAT = dwarf;
				ENABLE_STRICT_OBJC_MSGSEND = YES;
				ENABLE_TESTABILITY = YES;
				GCC_C_LANGUAGE_STANDARD = gnu11;
				GCC_DYNAMIC_NO_PIC = NO;
				GCC_NO_COMMON_BLOCKS = YES;
				GCC_OPTIMIZATION_LEVEL = 0;
				GCC_PREPROCESSOR_DEFINITIONS = (
					"DEBUG=1",
					"$(inherited)",
				);
				GCC_WARN_64_TO_32_BIT_CONVERSION = YES;
				GCC_WARN_ABOUT_RETURN_TYPE = YES_ERROR;
				GCC_WARN_UNDECLARED_SELECTOR = YES;
				GCC_WARN_UNINITIALIZED_AUTOS = YES_AGGRESSIVE;
				GCC_WARN_UNUSED_FUNCTION = YES;
				GCC_WARN_UNUSED_VARIABLE = YES;
				IPHONEOS_DEPLOYMENT_TARGET = 12.2;
				MTL_ENABLE_DEBUG_INFO = INCLUDE_SOURCE;
				MTL_FAST_MATH = YES;
				ONLY_ACTIVE_ARCH = YES;
				SDKROOT = iphoneos;
			};
			name = Debug;
		};
		CD3D6B55227B39800025DBCC /* Release */ = {
			isa = XCBuildConfiguration;
			buildSettings = {
				ALWAYS_SEARCH_USER_PATHS = NO;
				CLANG_ANALYZER_NONNULL = YES;
				CLANG_ANALYZER_NUMBER_OBJECT_CONVERSION = YES_AGGRESSIVE;
				CLANG_CXX_LANGUAGE_STANDARD = "gnu++14";
				CLANG_CXX_LIBRARY = "libc++";
				CLANG_ENABLE_MODULES = YES;
				CLANG_ENABLE_OBJC_ARC = YES;
				CLANG_ENABLE_OBJC_WEAK = YES;
				CLANG_WARN_BLOCK_CAPTURE_AUTORELEASING = YES;
				CLANG_WARN_BOOL_CONVERSION = YES;
				CLANG_WARN_COMMA = YES;
				CLANG_WARN_CONSTANT_CONVERSION = YES;
				CLANG_WARN_DEPRECATED_OBJC_IMPLEMENTATIONS = YES;
				CLANG_WARN_DIRECT_OBJC_ISA_USAGE = YES_ERROR;
				CLANG_WARN_DOCUMENTATION_COMMENTS = YES;
				CLANG_WARN_EMPTY_BODY = YES;
				CLANG_WARN_ENUM_CONVERSION = YES;
				CLANG_WARN_INFINITE_RECURSION = YES;
				CLANG_WARN_INT_CONVERSION = YES;
				CLANG_WARN_NON_LITERAL_NULL_CONVERSION = YES;
				CLANG_WARN_OBJC_IMPLICIT_RETAIN_SELF = YES;
				CLANG_WARN_OBJC_LITERAL_CONVERSION = YES;
				CLANG_WARN_OBJC_ROOT_CLASS = YES_ERROR;
				CLANG_WARN_RANGE_LOOP_ANALYSIS = YES;
				CLANG_WARN_STRICT_PROTOTYPES = YES;
				CLANG_WARN_SUSPICIOUS_MOVE = YES;
				CLANG_WARN_UNGUARDED_AVAILABILITY = YES_AGGRESSIVE;
				CLANG_WARN_UNREACHABLE_CODE = YES;
				CLANG_WARN__DUPLICATE_METHOD_MATCH = YES;
				CODE_SIGN_IDENTITY = "iPhone Developer";
				COPY_PHASE_STRIP = NO;
				DEBUG_INFORMATION_FORMAT = "dwarf-with-dsym";
				ENABLE_NS_ASSERTIONS = NO;
				ENABLE_STRICT_OBJC_MSGSEND = YES;
				GCC_C_LANGUAGE_STANDARD = gnu11;
				GCC_NO_COMMON_BLOCKS = YES;
				GCC_WARN_64_TO_32_BIT_CONVERSION = YES;
				GCC_WARN_ABOUT_RETURN_TYPE = YES_ERROR;
				GCC_WARN_UNDECLARED_SELECTOR = YES;
				GCC_WARN_UNINITIALIZED_AUTOS = YES_AGGRESSIVE;
				GCC_WARN_UNUSED_FUNCTION = YES;
				GCC_WARN_UNUSED_VARIABLE = YES;
				IPHONEOS_DEPLOYMENT_TARGET = 12.2;
				MTL_ENABLE_DEBUG_INFO = NO;
				MTL_FAST_MATH = YES;
				SDKROOT = iphoneos;
				VALIDATE_PRODUCT = YES;
			};
			name = Release;
		};
		CD3D6B57227B39800025DBCC /* Debug */ = {
			isa = XCBuildConfiguration;
			buildSettings = {
				ASSETCATALOG_COMPILER_APPICON_NAME = AppIcon;
				CODE_SIGN_STYLE = Automatic;
				INFOPLIST_FILE = BMD_Category/Info.plist;
				LD_RUNPATH_SEARCH_PATHS = (
					"$(inherited)",
					"@executable_path/Frameworks",
				);
				PRODUCT_BUNDLE_IDENTIFIER = "bqjr.BMD-Category";
				PRODUCT_NAME = "$(TARGET_NAME)";
				TARGETED_DEVICE_FAMILY = "1,2";
			};
			name = Debug;
		};
		CD3D6B58227B39800025DBCC /* Release */ = {
			isa = XCBuildConfiguration;
			buildSettings = {
				ASSETCATALOG_COMPILER_APPICON_NAME = AppIcon;
				CODE_SIGN_STYLE = Automatic;
				INFOPLIST_FILE = BMD_Category/Info.plist;
				LD_RUNPATH_SEARCH_PATHS = (
					"$(inherited)",
					"@executable_path/Frameworks",
				);
				PRODUCT_BUNDLE_IDENTIFIER = "bqjr.BMD-Category";
				PRODUCT_NAME = "$(TARGET_NAME)";
				TARGETED_DEVICE_FAMILY = "1,2";
			};
			name = Release;
		};
		CD3D6B5A227B39800025DBCC /* Debug */ = {
			isa = XCBuildConfiguration;
			buildSettings = {
				BUNDLE_LOADER = "$(TEST_HOST)";
				CODE_SIGN_STYLE = Automatic;
				INFOPLIST_FILE = BMD_CategoryTests/Info.plist;
				LD_RUNPATH_SEARCH_PATHS = (
					"$(inherited)",
					"@executable_path/Frameworks",
					"@loader_path/Frameworks",
				);
				PRODUCT_BUNDLE_IDENTIFIER = "bqjr.BMD-CategoryTests";
				PRODUCT_NAME = "$(TARGET_NAME)";
				TARGETED_DEVICE_FAMILY = "1,2";
				TEST_HOST = "$(BUILT_PRODUCTS_DIR)/BMD_Category.app/BMD_Category";
			};
			name = Debug;
		};
		CD3D6B5B227B39800025DBCC /* Release */ = {
			isa = XCBuildConfiguration;
			buildSettings = {
				BUNDLE_LOADER = "$(TEST_HOST)";
				CODE_SIGN_STYLE = Automatic;
				INFOPLIST_FILE = BMD_CategoryTests/Info.plist;
				LD_RUNPATH_SEARCH_PATHS = (
					"$(inherited)",
					"@executable_path/Frameworks",
					"@loader_path/Frameworks",
				);
				PRODUCT_BUNDLE_IDENTIFIER = "bqjr.BMD-CategoryTests";
				PRODUCT_NAME = "$(TARGET_NAME)";
				TARGETED_DEVICE_FAMILY = "1,2";
				TEST_HOST = "$(BUILT_PRODUCTS_DIR)/BMD_Category.app/BMD_Category";
			};
			name = Release;
		};
		CD3D6B5D227B39800025DBCC /* Debug */ = {
			isa = XCBuildConfiguration;
			buildSettings = {
				CODE_SIGN_STYLE = Automatic;
				INFOPLIST_FILE = BMD_CategoryUITests/Info.plist;
				LD_RUNPATH_SEARCH_PATHS = (
					"$(inherited)",
					"@executable_path/Frameworks",
					"@loader_path/Frameworks",
				);
				PRODUCT_BUNDLE_IDENTIFIER = "bqjr.BMD-CategoryUITests";
				PRODUCT_NAME = "$(TARGET_NAME)";
				TARGETED_DEVICE_FAMILY = "1,2";
				TEST_TARGET_NAME = BMD_Category;
			};
			name = Debug;
		};
		CD3D6B5E227B39800025DBCC /* Release */ = {
			isa = XCBuildConfiguration;
			buildSettings = {
				CODE_SIGN_STYLE = Automatic;
				INFOPLIST_FILE = BMD_CategoryUITests/Info.plist;
				LD_RUNPATH_SEARCH_PATHS = (
					"$(inherited)",
					"@executable_path/Frameworks",
					"@loader_path/Frameworks",
				);
				PRODUCT_BUNDLE_IDENTIFIER = "bqjr.BMD-CategoryUITests";
				PRODUCT_NAME = "$(TARGET_NAME)";
				TARGETED_DEVICE_FAMILY = "1,2";
				TEST_TARGET_NAME = BMD_Category;
			};
			name = Release;
		};
/* End XCBuildConfiguration section */

/* Begin XCConfigurationList section */
		CD3D6B25227B397F0025DBCC /* Build configuration list for PBXProject "BMD_Category" */ = {
			isa = XCConfigurationList;
			buildConfigurations = (
				CD3D6B54227B39800025DBCC /* Debug */,
				CD3D6B55227B39800025DBCC /* Release */,
			);
			defaultConfigurationIsVisible = 0;
			defaultConfigurationName = Release;
		};
		CD3D6B56227B39800025DBCC /* Build configuration list for PBXNativeTarget "BMD_Category" */ = {
			isa = XCConfigurationList;
			buildConfigurations = (
				CD3D6B57227B39800025DBCC /* Debug */,
				CD3D6B58227B39800025DBCC /* Release */,
			);
			defaultConfigurationIsVisible = 0;
			defaultConfigurationName = Release;
		};
		CD3D6B59227B39800025DBCC /* Build configuration list for PBXNativeTarget "BMD_CategoryTests" */ = {
			isa = XCConfigurationList;
			buildConfigurations = (
				CD3D6B5A227B39800025DBCC /* Debug */,
				CD3D6B5B227B39800025DBCC /* Release */,
			);
			defaultConfigurationIsVisible = 0;
			defaultConfigurationName = Release;
		};
		CD3D6B5C227B39800025DBCC /* Build configuration list for PBXNativeTarget "BMD_CategoryUITests" */ = {
			isa = XCConfigurationList;
			buildConfigurations = (
				CD3D6B5D227B39800025DBCC /* Debug */,
				CD3D6B5E227B39800025DBCC /* Release */,
			);
			defaultConfigurationIsVisible = 0;
			defaultConfigurationName = Release;
		};
/* End XCConfigurationList section */
	};
	rootObject = CD3D6B22227B397F0025DBCC /* Project object */;
}
